
Microsoft Visual Studio Solution File, Format Version 12.00
# Visual Studio Version 17
VisualStudioVersion = 17.7.34024.191
MinimumVisualStudioVersion = 10.0.40219.1
Project("{9A19103F-16F7-4668-BE54-9A1E7A4F7556}") = "DieBroke", "DieBroke.csproj", "{22D680B9-B1BE-43C8-986C-70DB76DD0403}"
EndProject
Global
	GlobalSection(SolutionConfigurationPlatforms) = preSolution
		Debug|Any CPU = Debug|Any CPU
		Release|Any CPU = Release|Any CPU
		Test|Any CPU = Test|Any CPU
	EndGlobalSection
	GlobalSection(ProjectConfigurationPlatforms) = postSolution
		{22D680B9-B1BE-43C8-986C-70DB76DD0403}.Debug|Any CPU.ActiveCfg = Debug|Any CPU
		{22D680B9-B1BE-43C8-986C-70DB76DD0403}.Debug|Any CPU.Build.0 = Debug|Any CPU
		{22D680B9-B1BE-43C8-986C-70DB76DD0403}.Release|Any CPU.ActiveCfg = Release|Any CPU
		{22D680B9-B1BE-43C8-986C-70DB76DD0403}.Release|Any CPU.Build.0 = Release|Any CPU
		{22D680B9-B1BE-43C8-986C-70DB76DD0403}.Test|Any CPU.ActiveCfg = Test|Any CPU
		{22D680B9-B1BE-43C8-986C-70DB76DD0403}.Test|Any CPU.Build.0 = Test|Any CPU
	EndGlobalSection
	GlobalSection(SolutionProperties) = preSolution
		HideSolutionNode = FALSE
	EndGlobalSection
	GlobalSection(ExtensibilityGlobals) = postSolution
		SolutionGuid = {8E1C58AE-D889-4E66-A86B-E2208559CE11}
	EndGlobalSection
EndGlobal
